// !$*UTF8*$!
{
	archiveVersion = 1;
	classes = {
	};
	objectVersion = 56;
	objects = {

/* Begin PBXBuildFile section */
		5BAE80AA2BECBAA900F813E4 /* AppDelegate.swift in Sources */ = {isa = PBXBuildFile; fileRef = 5BAE80A92BECBAA900F813E4 /* AppDelegate.swift */; };
		5BAE80AC2BECBAA900F813E4 /* SceneDelegate.swift in Sources */ = {isa = PBXBuildFile; fileRef = 5BAE80AB2BECBAA900F813E4 /* SceneDelegate.swift */; };
		5BAE80AE2BECBAA900F813E4 /* ViewController.swift in Sources */ = {isa = PBXBuildFile; fileRef = 5BAE80AD2BECBAA900F813E4 /* ViewController.swift */; };
		5BAE80B12BECBAA900F813E4 /* Base in Resources */ = {isa = PBXBuildFile; fileRef = 5BAE80B02BECBAA900F813E4 /* Base */; };
		5BAE80B32BECBAAC00F813E4 /* Assets.xcassets in Resources */ = {isa = PBXBuildFile; fileRef = 5BAE80B22BECBAAC00F813E4 /* Assets.xcassets */; };
		5BAE80B62BECBAAC00F813E4 /* Base in Resources */ = {isa = PBXBuildFile; fileRef = 5BAE80B52BECBAAC00F813E4 /* Base */; };
		5BAE80CB2BECBAAC00F813E4 /* JakDojadeRekUITests.swift in Sources */ = {isa = PBXBuildFile; fileRef = 5BAE80CA2BECBAAC00F813E4 /* JakDojadeRekUITests.swift */; };
		5BAE80CD2BECBAAC00F813E4 /* JakDojadeRekUITestsLaunchTests.swift in Sources */ = {isa = PBXBuildFile; fileRef = 5BAE80CC2BECBAAC00F813E4 /* JakDojadeRekUITestsLaunchTests.swift */; };
		5BAE80DB2BECBF0600F813E4 /* SpotCell.swift in Sources */ = {isa = PBXBuildFile; fileRef = 5BAE80D92BECBF0600F813E4 /* SpotCell.swift */; };
		5BAE80DC2BECBF0600F813E4 /* SpotCell.xib in Resources */ = {isa = PBXBuildFile; fileRef = 5BAE80DA2BECBF0600F813E4 /* SpotCell.xib */; };
		5BCCBF592BED8D8000883802 /* StationAvailibilityStatus.swift in Sources */ = {isa = PBXBuildFile; fileRef = 5BCCBF582BED8D8000883802 /* StationAvailibilityStatus.swift */; };
		5BCCBF5B2BED8E4100883802 /* StationsStatus.swift in Sources */ = {isa = PBXBuildFile; fileRef = 5BCCBF5A2BED8E4100883802 /* StationsStatus.swift */; };
		5BCCBF5D2BED905900883802 /* Station.swift in Sources */ = {isa = PBXBuildFile; fileRef = 5BCCBF5C2BED905900883802 /* Station.swift */; };
		5BCCBF5F2BED92AB00883802 /* ApiClient.swift in Sources */ = {isa = PBXBuildFile; fileRef = 5BCCBF5E2BED92AB00883802 /* ApiClient.swift */; };
		5BCCBF632BEE17E100883802 /* LocationManager.swift in Sources */ = {isa = PBXBuildFile; fileRef = 5BCCBF622BEE17E100883802 /* LocationManager.swift */; };
		5BCCBF652BEEE4A800883802 /* SpotDetailsViewController.swift in Sources */ = {isa = PBXBuildFile; fileRef = 5BCCBF642BEEE4A800883802 /* SpotDetailsViewController.swift */; };
		5BCCBF682BEF93E800883802 /* CustomAnnotationView.swift in Sources */ = {isa = PBXBuildFile; fileRef = 5BCCBF672BEF93E800883802 /* CustomAnnotationView.swift */; };
		5BCCBF6A2BEF9EB300883802 /* StopLocation.swift in Sources */ = {isa = PBXBuildFile; fileRef = 5BCCBF692BEF9EB300883802 /* StopLocation.swift */; };
		5BCCBF6C2BEFB42000883802 /* NetworkService.swift in Sources */ = {isa = PBXBuildFile; fileRef = 5BCCBF6B2BEFB42000883802 /* NetworkService.swift */; };
		5BCCBF6E2BEFB54200883802 /* NetworkSession.swift in Sources */ = {isa = PBXBuildFile; fileRef = 5BCCBF6D2BEFB54200883802 /* NetworkSession.swift */; };
		5BCCBF702BEFB57500883802 /* ApiClientTests.swift in Sources */ = {isa = PBXBuildFile; fileRef = 5BCCBF6F2BEFB57500883802 /* ApiClientTests.swift */; };
		5BCCBF772BF01F1700883802 /* LocationService.swift in Sources */ = {isa = PBXBuildFile; fileRef = 5BCCBF762BF01F1700883802 /* LocationService.swift */; };
/* End PBXBuildFile section */

/* Begin PBXContainerItemProxy section */
		5BAE80BD2BECBAAC00F813E4 /* PBXContainerItemProxy */ = {
			isa = PBXContainerItemProxy;
			containerPortal = 5BAE809E2BECBAA900F813E4 /* Project object */;
			proxyType = 1;
			remoteGlobalIDString = 5BAE80A52BECBAA900F813E4;
			remoteInfo = JakDojadeRek;
		};
		5BAE80C72BECBAAC00F813E4 /* PBXContainerItemProxy */ = {
			isa = PBXContainerItemProxy;
			containerPortal = 5BAE809E2BECBAA900F813E4 /* Project object */;
			proxyType = 1;
			remoteGlobalIDString = 5BAE80A52BECBAA900F813E4;
			remoteInfo = JakDojadeRek;
		};
/* End PBXContainerItemProxy section */

/* Begin PBXFileReference section */
		5BAE80A62BECBAA900F813E4 /* JakDojadeRek.app */ = {isa = PBXFileReference; explicitFileType = wrapper.application; includeInIndex = 0; path = JakDojadeRek.app; sourceTree = BUILT_PRODUCTS_DIR; };
		5BAE80A92BECBAA900F813E4 /* AppDelegate.swift */ = {isa = PBXFileReference; lastKnownFileType = sourcecode.swift; path = AppDelegate.swift; sourceTree = "<group>"; };
		5BAE80AB2BECBAA900F813E4 /* SceneDelegate.swift */ = {isa = PBXFileReference; lastKnownFileType = sourcecode.swift; path = SceneDelegate.swift; sourceTree = "<group>"; };
		5BAE80AD2BECBAA900F813E4 /* ViewController.swift */ = {isa = PBXFileReference; lastKnownFileType = sourcecode.swift; path = ViewController.swift; sourceTree = "<group>"; };
		5BAE80B02BECBAA900F813E4 /* Base */ = {isa = PBXFileReference; lastKnownFileType = file.storyboard; name = Base; path = Base.lproj/Main.storyboard; sourceTree = "<group>"; };
		5BAE80B22BECBAAC00F813E4 /* Assets.xcassets */ = {isa = PBXFileReference; lastKnownFileType = folder.assetcatalog; path = Assets.xcassets; sourceTree = "<group>"; };
		5BAE80B52BECBAAC00F813E4 /* Base */ = {isa = PBXFileReference; lastKnownFileType = file.storyboard; name = Base; path = Base.lproj/LaunchScreen.storyboard; sourceTree = "<group>"; };
		5BAE80B72BECBAAC00F813E4 /* Info.plist */ = {isa = PBXFileReference; lastKnownFileType = text.plist.xml; path = Info.plist; sourceTree = "<group>"; };
		5BAE80BC2BECBAAC00F813E4 /* JakDojadeRekTests.xctest */ = {isa = PBXFileReference; explicitFileType = wrapper.cfbundle; includeInIndex = 0; path = JakDojadeRekTests.xctest; sourceTree = BUILT_PRODUCTS_DIR; };
		5BAE80C62BECBAAC00F813E4 /* JakDojadeRekUITests.xctest */ = {isa = PBXFileReference; explicitFileType = wrapper.cfbundle; includeInIndex = 0; path = JakDojadeRekUITests.xctest; sourceTree = BUILT_PRODUCTS_DIR; };
		5BAE80CA2BECBAAC00F813E4 /* JakDojadeRekUITests.swift */ = {isa = PBXFileReference; lastKnownFileType = sourcecode.swift; path = JakDojadeRekUITests.swift; sourceTree = "<group>"; };
		5BAE80CC2BECBAAC00F813E4 /* JakDojadeRekUITestsLaunchTests.swift */ = {isa = PBXFileReference; lastKnownFileType = sourcecode.swift; path = JakDojadeRekUITestsLaunchTests.swift; sourceTree = "<group>"; };
		5BAE80D92BECBF0600F813E4 /* SpotCell.swift */ = {isa = PBXFileReference; lastKnownFileType = sourcecode.swift; path = SpotCell.swift; sourceTree = "<group>"; };
		5BAE80DA2BECBF0600F813E4 /* SpotCell.xib */ = {isa = PBXFileReference; lastKnownFileType = file.xib; path = SpotCell.xib; sourceTree = "<group>"; };
		5BCCBF582BED8D8000883802 /* StationAvailibilityStatus.swift */ = {isa = PBXFileReference; lastKnownFileType = sourcecode.swift; path = StationAvailibilityStatus.swift; sourceTree = "<group>"; };
		5BCCBF5A2BED8E4100883802 /* StationsStatus.swift */ = {isa = PBXFileReference; lastKnownFileType = sourcecode.swift; path = StationsStatus.swift; sourceTree = "<group>"; };
		5BCCBF5C2BED905900883802 /* Station.swift */ = {isa = PBXFileReference; lastKnownFileType = sourcecode.swift; path = Station.swift; sourceTree = "<group>"; };
		5BCCBF5E2BED92AB00883802 /* ApiClient.swift */ = {isa = PBXFileReference; lastKnownFileType = sourcecode.swift; path = ApiClient.swift; sourceTree = "<group>"; };
		5BCCBF622BEE17E100883802 /* LocationManager.swift */ = {isa = PBXFileReference; lastKnownFileType = sourcecode.swift; path = LocationManager.swift; sourceTree = "<group>"; };
		5BCCBF642BEEE4A800883802 /* SpotDetailsViewController.swift */ = {isa = PBXFileReference; lastKnownFileType = sourcecode.swift; path = SpotDetailsViewController.swift; sourceTree = "<group>"; };
		5BCCBF672BEF93E800883802 /* CustomAnnotationView.swift */ = {isa = PBXFileReference; lastKnownFileType = sourcecode.swift; path = CustomAnnotationView.swift; sourceTree = "<group>"; };
		5BCCBF692BEF9EB300883802 /* StopLocation.swift */ = {isa = PBXFileReference; lastKnownFileType = sourcecode.swift; path = StopLocation.swift; sourceTree = "<group>"; };
		5BCCBF6B2BEFB42000883802 /* NetworkService.swift */ = {isa = PBXFileReference; lastKnownFileType = sourcecode.swift; path = NetworkService.swift; sourceTree = "<group>"; };
		5BCCBF6D2BEFB54200883802 /* NetworkSession.swift */ = {isa = PBXFileReference; lastKnownFileType = sourcecode.swift; path = NetworkSession.swift; sourceTree = "<group>"; };
		5BCCBF6F2BEFB57500883802 /* ApiClientTests.swift */ = {isa = PBXFileReference; lastKnownFileType = sourcecode.swift; path = ApiClientTests.swift; sourceTree = "<group>"; };
		5BCCBF762BF01F1700883802 /* LocationService.swift */ = {isa = PBXFileReference; lastKnownFileType = sourcecode.swift; path = LocationService.swift; sourceTree = "<group>"; };
/* End PBXFileReference section */

/* Begin PBXFrameworksBuildPhase section */
		5BAE80A32BECBAA900F813E4 /* Frameworks */ = {
			isa = PBXFrameworksBuildPhase;
			buildActionMask = 2147483647;
			files = (
			);
			runOnlyForDeploymentPostprocessing = 0;
		};
		5BAE80B92BECBAAC00F813E4 /* Frameworks */ = {
			isa = PBXFrameworksBuildPhase;
			buildActionMask = 2147483647;
			files = (
			);
			runOnlyForDeploymentPostprocessing = 0;
		};
		5BAE80C32BECBAAC00F813E4 /* Frameworks */ = {
			isa = PBXFrameworksBuildPhase;
			buildActionMask = 2147483647;
			files = (
			);
			runOnlyForDeploymentPostprocessing = 0;
		};
/* End PBXFrameworksBuildPhase section */

/* Begin PBXGroup section */
		5BAE809D2BECBAA900F813E4 = {
			isa = PBXGroup;
			children = (
				5BAE80A82BECBAA900F813E4 /* JakDojadeRek */,
				5BAE80BF2BECBAAC00F813E4 /* JakDojadeRekTests */,
				5BAE80C92BECBAAC00F813E4 /* JakDojadeRekUITests */,
				5BAE80A72BECBAA900F813E4 /* Products */,
			);
			sourceTree = "<group>";
		};
		5BAE80A72BECBAA900F813E4 /* Products */ = {
			isa = PBXGroup;
			children = (
				5BAE80A62BECBAA900F813E4 /* JakDojadeRek.app */,
				5BAE80BC2BECBAAC00F813E4 /* JakDojadeRekTests.xctest */,
				5BAE80C62BECBAAC00F813E4 /* JakDojadeRekUITests.xctest */,
			);
			name = Products;
			sourceTree = "<group>";
		};
		5BAE80A82BECBAA900F813E4 /* JakDojadeRek */ = {
			isa = PBXGroup;
			children = (
				5BCCBF732BEFB64300883802 /* LocationManager */,
				5BCCBF662BEF871300883802 /* SpotDetails */,
				5BCCBF562BED8CFB00883802 /* ApiClient */,
				5BAE80DD2BECBF1000F813E4 /* SpotCell */,
				5BAE80A92BECBAA900F813E4 /* AppDelegate.swift */,
				5BAE80AB2BECBAA900F813E4 /* SceneDelegate.swift */,
				5BAE80AD2BECBAA900F813E4 /* ViewController.swift */,
				5BAE80AF2BECBAA900F813E4 /* Main.storyboard */,
				5BAE80B22BECBAAC00F813E4 /* Assets.xcassets */,
				5BAE80B42BECBAAC00F813E4 /* LaunchScreen.storyboard */,
				5BAE80B72BECBAAC00F813E4 /* Info.plist */,
			);
			path = JakDojadeRek;
			sourceTree = "<group>";
		};
		5BAE80BF2BECBAAC00F813E4 /* JakDojadeRekTests */ = {
			isa = PBXGroup;
			children = (
				5BCCBF6F2BEFB57500883802 /* ApiClientTests.swift */,
			);
			path = JakDojadeRekTests;
			sourceTree = "<group>";
		};
		5BAE80C92BECBAAC00F813E4 /* JakDojadeRekUITests */ = {
			isa = PBXGroup;
			children = (
				5BAE80CA2BECBAAC00F813E4 /* JakDojadeRekUITests.swift */,
				5BAE80CC2BECBAAC00F813E4 /* JakDojadeRekUITestsLaunchTests.swift */,
			);
			path = JakDojadeRekUITests;
			sourceTree = "<group>";
		};
		5BAE80DD2BECBF1000F813E4 /* SpotCell */ = {
			isa = PBXGroup;
			children = (
				5BAE80D92BECBF0600F813E4 /* SpotCell.swift */,
				5BAE80DA2BECBF0600F813E4 /* SpotCell.xib */,
			);
			path = SpotCell;
			sourceTree = "<group>";
		};
		5BCCBF562BED8CFB00883802 /* ApiClient */ = {
			isa = PBXGroup;
			children = (
				5BCCBF5E2BED92AB00883802 /* ApiClient.swift */,
				5BCCBF572BED8D0600883802 /* Models */,
				5BCCBF6B2BEFB42000883802 /* NetworkService.swift */,
				5BCCBF6D2BEFB54200883802 /* NetworkSession.swift */,
			);
			path = ApiClient;
			sourceTree = "<group>";
		};
		5BCCBF572BED8D0600883802 /* Models */ = {
			isa = PBXGroup;
			children = (
				5BCCBF582BED8D8000883802 /* StationAvailibilityStatus.swift */,
				5BCCBF5A2BED8E4100883802 /* StationsStatus.swift */,
				5BCCBF5C2BED905900883802 /* Station.swift */,
			);
			path = Models;
			sourceTree = "<group>";
		};
		5BCCBF662BEF871300883802 /* SpotDetails */ = {
			isa = PBXGroup;
			children = (
				5BCCBF642BEEE4A800883802 /* SpotDetailsViewController.swift */,
				5BCCBF672BEF93E800883802 /* CustomAnnotationView.swift */,
				5BCCBF692BEF9EB300883802 /* StopLocation.swift */,
			);
			path = SpotDetails;
			sourceTree = "<group>";
		};
		5BCCBF732BEFB64300883802 /* LocationManager */ = {
			isa = PBXGroup;
			children = (
				5BCCBF622BEE17E100883802 /* LocationManager.swift */,
				5BCCBF762BF01F1700883802 /* LocationService.swift */,
			);
			path = LocationManager;
			sourceTree = "<group>";
		};
/* End PBXGroup section */

/* Begin PBXNativeTarget section */
		5BAE80A52BECBAA900F813E4 /* JakDojadeRek */ = {
			isa = PBXNativeTarget;
			buildConfigurationList = 5BAE80D02BECBAAC00F813E4 /* Build configuration list for PBXNativeTarget "JakDojadeRek" */;
			buildPhases = (
				5BAE80A22BECBAA900F813E4 /* Sources */,
				5BAE80A32BECBAA900F813E4 /* Frameworks */,
				5BAE80A42BECBAA900F813E4 /* Resources */,
			);
			buildRules = (
			);
			dependencies = (
			);
			name = JakDojadeRek;
			productName = JakDojadeRek;
			productReference = 5BAE80A62BECBAA900F813E4 /* JakDojadeRek.app */;
			productType = "com.apple.product-type.application";
		};
		5BAE80BB2BECBAAC00F813E4 /* JakDojadeRekTests */ = {
			isa = PBXNativeTarget;
			buildConfigurationList = 5BAE80D32BECBAAC00F813E4 /* Build configuration list for PBXNativeTarget "JakDojadeRekTests" */;
			buildPhases = (
				5BAE80B82BECBAAC00F813E4 /* Sources */,
				5BAE80B92BECBAAC00F813E4 /* Frameworks */,
				5BAE80BA2BECBAAC00F813E4 /* Resources */,
			);
			buildRules = (
			);
			dependencies = (
				5BAE80BE2BECBAAC00F813E4 /* PBXTargetDependency */,
			);
			name = JakDojadeRekTests;
			productName = JakDojadeRekTests;
			productReference = 5BAE80BC2BECBAAC00F813E4 /* JakDojadeRekTests.xctest */;
			productType = "com.apple.product-type.bundle.unit-test";
		};
		5BAE80C52BECBAAC00F813E4 /* JakDojadeRekUITests */ = {
			isa = PBXNativeTarget;
			buildConfigurationList = 5BAE80D62BECBAAC00F813E4 /* Build configuration list for PBXNativeTarget "JakDojadeRekUITests" */;
			buildPhases = (
				5BAE80C22BECBAAC00F813E4 /* Sources */,
				5BAE80C32BECBAAC00F813E4 /* Frameworks */,
				5BAE80C42BECBAAC00F813E4 /* Resources */,
			);
			buildRules = (
			);
			dependencies = (
				5BAE80C82BECBAAC00F813E4 /* PBXTargetDependency */,
			);
			name = JakDojadeRekUITests;
			productName = JakDojadeRekUITests;
			productReference = 5BAE80C62BECBAAC00F813E4 /* JakDojadeRekUITests.xctest */;
			productType = "com.apple.product-type.bundle.ui-testing";
		};
/* End PBXNativeTarget section */

/* Begin PBXProject section */
		5BAE809E2BECBAA900F813E4 /* Project object */ = {
			isa = PBXProject;
			attributes = {
				BuildIndependentTargetsInParallel = 1;
				LastSwiftUpdateCheck = 1530;
				LastUpgradeCheck = 1530;
				TargetAttributes = {
					5BAE80A52BECBAA900F813E4 = {
						CreatedOnToolsVersion = 15.3;
					};
					5BAE80BB2BECBAAC00F813E4 = {
						CreatedOnToolsVersion = 15.3;
						TestTargetID = 5BAE80A52BECBAA900F813E4;
					};
					5BAE80C52BECBAAC00F813E4 = {
						CreatedOnToolsVersion = 15.3;
						TestTargetID = 5BAE80A52BECBAA900F813E4;
					};
				};
			};
			buildConfigurationList = 5BAE80A12BECBAA900F813E4 /* Build configuration list for PBXProject "JakDojadeRek" */;
			compatibilityVersion = "Xcode 14.0";
			developmentRegion = en;
			hasScannedForEncodings = 0;
			knownRegions = (
				en,
				Base,
			);
			mainGroup = 5BAE809D2BECBAA900F813E4;
			productRefGroup = 5BAE80A72BECBAA900F813E4 /* Products */;
			projectDirPath = "";
			projectRoot = "";
			targets = (
				5BAE80A52BECBAA900F813E4 /* JakDojadeRek */,
				5BAE80BB2BECBAAC00F813E4 /* JakDojadeRekTests */,
				5BAE80C52BECBAAC00F813E4 /* JakDojadeRekUITests */,
			);
		};
/* End PBXProject section */

/* Begin PBXResourcesBuildPhase section */
		5BAE80A42BECBAA900F813E4 /* Resources */ = {
			isa = PBXResourcesBuildPhase;
			buildActionMask = 2147483647;
			files = (
				5BAE80B32BECBAAC00F813E4 /* Assets.xcassets in Resources */,
				5BAE80B62BECBAAC00F813E4 /* Base in Resources */,
				5BAE80B12BECBAA900F813E4 /* Base in Resources */,
				5BAE80DC2BECBF0600F813E4 /* SpotCell.xib in Resources */,
			);
			runOnlyForDeploymentPostprocessing = 0;
		};
		5BAE80BA2BECBAAC00F813E4 /* Resources */ = {
			isa = PBXResourcesBuildPhase;
			buildActionMask = 2147483647;
			files = (
			);
			runOnlyForDeploymentPostprocessing = 0;
		};
		5BAE80C42BECBAAC00F813E4 /* Resources */ = {
			isa = PBXResourcesBuildPhase;
			buildActionMask = 2147483647;
			files = (
			);
			runOnlyForDeploymentPostprocessing = 0;
		};
/* End PBXResourcesBuildPhase section */

/* Begin PBXSourcesBuildPhase section */
		5BAE80A22BECBAA900F813E4 /* Sources */ = {
			isa = PBXSourcesBuildPhase;
			buildActionMask = 2147483647;
			files = (
				5BAE80AE2BECBAA900F813E4 /* ViewController.swift in Sources */,
				5BAE80AA2BECBAA900F813E4 /* AppDelegate.swift in Sources */,
				5BCCBF5B2BED8E4100883802 /* StationsStatus.swift in Sources */,
				5BCCBF5F2BED92AB00883802 /* ApiClient.swift in Sources */,
				5BCCBF6A2BEF9EB300883802 /* StopLocation.swift in Sources */,
				5BAE80AC2BECBAA900F813E4 /* SceneDelegate.swift in Sources */,
				5BCCBF682BEF93E800883802 /* CustomAnnotationView.swift in Sources */,
				5BCCBF772BF01F1700883802 /* LocationService.swift in Sources */,
				5BCCBF6E2BEFB54200883802 /* NetworkSession.swift in Sources */,
				5BAE80DB2BECBF0600F813E4 /* SpotCell.swift in Sources */,
				5BCCBF592BED8D8000883802 /* StationAvailibilityStatus.swift in Sources */,
				5BCCBF652BEEE4A800883802 /* SpotDetailsViewController.swift in Sources */,
				5BCCBF5D2BED905900883802 /* Station.swift in Sources */,
				5BCCBF6C2BEFB42000883802 /* NetworkService.swift in Sources */,
				5BCCBF632BEE17E100883802 /* LocationManager.swift in Sources */,
			);
			runOnlyForDeploymentPostprocessing = 0;
		};
		5BAE80B82BECBAAC00F813E4 /* Sources */ = {
			isa = PBXSourcesBuildPhase;
			buildActionMask = 2147483647;
			files = (
				5BCCBF702BEFB57500883802 /* ApiClientTests.swift in Sources */,
			);
			runOnlyForDeploymentPostprocessing = 0;
		};
		5BAE80C22BECBAAC00F813E4 /* Sources */ = {
			isa = PBXSourcesBuildPhase;
			buildActionMask = 2147483647;
			files = (
				5BAE80CB2BECBAAC00F813E4 /* JakDojadeRekUITests.swift in Sources */,
				5BAE80CD2BECBAAC00F813E4 /* JakDojadeRekUITestsLaunchTests.swift in Sources */,
			);
			runOnlyForDeploymentPostprocessing = 0;
		};
/* End PBXSourcesBuildPhase section */

/* Begin PBXTargetDependency section */
		5BAE80BE2BECBAAC00F813E4 /* PBXTargetDependency */ = {
			isa = PBXTargetDependency;
			target = 5BAE80A52BECBAA900F813E4 /* JakDojadeRek */;
			targetProxy = 5BAE80BD2BECBAAC00F813E4 /* PBXContainerItemProxy */;
		};
		5BAE80C82BECBAAC00F813E4 /* PBXTargetDependency */ = {
			isa = PBXTargetDependency;
			target = 5BAE80A52BECBAA900F813E4 /* JakDojadeRek */;
			targetProxy = 5BAE80C72BECBAAC00F813E4 /* PBXContainerItemProxy */;
		};
/* End PBXTargetDependency section */

/* Begin PBXVariantGroup section */
		5BAE80AF2BECBAA900F813E4 /* Main.storyboard */ = {
			isa = PBXVariantGroup;
			children = (
				5BAE80B02BECBAA900F813E4 /* Base */,
			);
			name = Main.storyboard;
			sourceTree = "<group>";
		};
		5BAE80B42BECBAAC00F813E4 /* LaunchScreen.storyboard */ = {
			isa = PBXVariantGroup;
			children = (
				5BAE80B52BECBAAC00F813E4 /* Base */,
			);
			name = LaunchScreen.storyboard;
			sourceTree = "<group>";
		};
/* End PBXVariantGroup section */

/* Begin XCBuildConfiguration section */
		5BAE80CE2BECBAAC00F813E4 /* Debug */ = {
			isa = XCBuildConfiguration;
			buildSettings = {
				ALWAYS_SEARCH_USER_PATHS = NO;
				ASSETCATALOG_COMPILER_GENERATE_SWIFT_ASSET_SYMBOL_EXTENSIONS = YES;
				CLANG_ANALYZER_NONNULL = YES;
				CLANG_ANALYZER_NUMBER_OBJECT_CONVERSION = YES_AGGRESSIVE;
				CLANG_CXX_LANGUAGE_STANDARD = "gnu++20";
				CLANG_ENABLE_MODULES = YES;
				CLANG_ENABLE_OBJC_ARC = YES;
				CLANG_ENABLE_OBJC_WEAK = YES;
				CLANG_WARN_BLOCK_CAPTURE_AUTORELEASING = YES;
				CLANG_WARN_BOOL_CONVERSION = YES;
				CLANG_WARN_COMMA = YES;
				CLANG_WARN_CONSTANT_CONVERSION = YES;
				CLANG_WARN_DEPRECATED_OBJC_IMPLEMENTATIONS = YES;
				CLANG_WARN_DIRECT_OBJC_ISA_USAGE = YES_ERROR;
				CLANG_WARN_DOCUMENTATION_COMMENTS = YES;
				CLANG_WARN_EMPTY_BODY = YES;
				CLANG_WARN_ENUM_CONVERSION = YES;
				CLANG_WARN_INFINITE_RECURSION = YES;
				CLANG_WARN_INT_CONVERSION = YES;
				CLANG_WARN_NON_LITERAL_NULL_CONVERSION = YES;
				CLANG_WARN_OBJC_IMPLICIT_RETAIN_SELF = YES;
				CLANG_WARN_OBJC_LITERAL_CONVERSION = YES;
				CLANG_WARN_OBJC_ROOT_CLASS = YES_ERROR;
				CLANG_WARN_QUOTED_INCLUDE_IN_FRAMEWORK_HEADER = YES;
				CLANG_WARN_RANGE_LOOP_ANALYSIS = YES;
				CLANG_WARN_STRICT_PROTOTYPES = YES;
				CLANG_WARN_SUSPICIOUS_MOVE = YES;
				CLANG_WARN_UNGUARDED_AVAILABILITY = YES_AGGRESSIVE;
				CLANG_WARN_UNREACHABLE_CODE = YES;
				CLANG_WARN__DUPLICATE_METHOD_MATCH = YES;
				COPY_PHASE_STRIP = NO;
				DEBUG_INFORMATION_FORMAT = dwarf;
				ENABLE_STRICT_OBJC_MSGSEND = YES;
				ENABLE_TESTABILITY = YES;
				ENABLE_USER_SCRIPT_SANDBOXING = YES;
				GCC_C_LANGUAGE_STANDARD = gnu17;
				GCC_DYNAMIC_NO_PIC = NO;
				GCC_NO_COMMON_BLOCKS = YES;
				GCC_OPTIMIZATION_LEVEL = 0;
				GCC_PREPROCESSOR_DEFINITIONS = (
					"DEBUG=1",
					"$(inherited)",
				);
				GCC_WARN_64_TO_32_BIT_CONVERSION = YES;
				GCC_WARN_ABOUT_RETURN_TYPE = YES_ERROR;
				GCC_WARN_UNDECLARED_SELECTOR = YES;
				GCC_WARN_UNINITIALIZED_AUTOS = YES_AGGRESSIVE;
				GCC_WARN_UNUSED_FUNCTION = YES;
				GCC_WARN_UNUSED_VARIABLE = YES;
				IPHONEOS_DEPLOYMENT_TARGET = 17.4;
				LOCALIZATION_PREFERS_STRING_CATALOGS = YES;
				MTL_ENABLE_DEBUG_INFO = INCLUDE_SOURCE;
				MTL_FAST_MATH = YES;
				ONLY_ACTIVE_ARCH = YES;
				SDKROOT = iphoneos;
				SWIFT_ACTIVE_COMPILATION_CONDITIONS = "DEBUG $(inherited)";
				SWIFT_OPTIMIZATION_LEVEL = "-Onone";
			};
			name = Debug;
		};
		5BAE80CF2BECBAAC00F813E4 /* Release */ = {
			isa = XCBuildConfiguration;
			buildSettings = {
				ALWAYS_SEARCH_USER_PATHS = NO;
				ASSETCATALOG_COMPILER_GENERATE_SWIFT_ASSET_SYMBOL_EXTENSIONS = YES;
				CLANG_ANALYZER_NONNULL = YES;
				CLANG_ANALYZER_NUMBER_OBJECT_CONVERSION = YES_AGGRESSIVE;
				CLANG_CXX_LANGUAGE_STANDARD = "gnu++20";
				CLANG_ENABLE_MODULES = YES;
				CLANG_ENABLE_OBJC_ARC = YES;
				CLANG_ENABLE_OBJC_WEAK = YES;
				CLANG_WARN_BLOCK_CAPTURE_AUTORELEASING = YES;
				CLANG_WARN_BOOL_CONVERSION = YES;
				CLANG_WARN_COMMA = YES;
				CLANG_WARN_CONSTANT_CONVERSION = YES;
				CLANG_WARN_DEPRECATED_OBJC_IMPLEMENTATIONS = YES;
				CLANG_WARN_DIRECT_OBJC_ISA_USAGE = YES_ERROR;
				CLANG_WARN_DOCUMENTATION_COMMENTS = YES;
				CLANG_WARN_EMPTY_BODY = YES;
				CLANG_WARN_ENUM_CONVERSION = YES;
				CLANG_WARN_INFINITE_RECURSION = YES;
				CLANG_WARN_INT_CONVERSION = YES;
				CLANG_WARN_NON_LITERAL_NULL_CONVERSION = YES;
				CLANG_WARN_OBJC_IMPLICIT_RETAIN_SELF = YES;
				CLANG_WARN_OBJC_LITERAL_CONVERSION = YES;
				CLANG_WARN_OBJC_ROOT_CLASS = YES_ERROR;
				CLANG_WARN_QUOTED_INCLUDE_IN_FRAMEWORK_HEADER = YES;
				CLANG_WARN_RANGE_LOOP_ANALYSIS = YES;
				CLANG_WARN_STRICT_PROTOTYPES = YES;
				CLANG_WARN_SUSPICIOUS_MOVE = YES;
				CLANG_WARN_UNGUARDED_AVAILABILITY = YES_AGGRESSIVE;
				CLANG_WARN_UNREACHABLE_CODE = YES;
				CLANG_WARN__DUPLICATE_METHOD_MATCH = YES;
				COPY_PHASE_STRIP = NO;
				DEBUG_INFORMATION_FORMAT = "dwarf-with-dsym";
				ENABLE_NS_ASSERTIONS = NO;
				ENABLE_STRICT_OBJC_MSGSEND = YES;
				ENABLE_USER_SCRIPT_SANDBOXING = YES;
				GCC_C_LANGUAGE_STANDARD = gnu17;
				GCC_NO_COMMON_BLOCKS = YES;
				GCC_WARN_64_TO_32_BIT_CONVERSION = YES;
				GCC_WARN_ABOUT_RETURN_TYPE = YES_ERROR;
				GCC_WARN_UNDECLARED_SELECTOR = YES;
				GCC_WARN_UNINITIALIZED_AUTOS = YES_AGGRESSIVE;
				GCC_WARN_UNUSED_FUNCTION = YES;
				GCC_WARN_UNUSED_VARIABLE = YES;
				IPHONEOS_DEPLOYMENT_TARGET = 17.4;
				LOCALIZATION_PREFERS_STRING_CATALOGS = YES;
				MTL_ENABLE_DEBUG_INFO = NO;
				MTL_FAST_MATH = YES;
				SDKROOT = iphoneos;
				SWIFT_COMPILATION_MODE = wholemodule;
				VALIDATE_PRODUCT = YES;
			};
			name = Release;
		};
		5BAE80D12BECBAAC00F813E4 /* Debug */ = {
			isa = XCBuildConfiguration;
			buildSettings = {
				ASSETCATALOG_COMPILER_APPICON_NAME = AppIcon;
				ASSETCATALOG_COMPILER_GLOBAL_ACCENT_COLOR_NAME = AccentColor;
				CODE_SIGN_STYLE = Automatic;
				CURRENT_PROJECT_VERSION = 1;
				DEVELOPMENT_TEAM = FBLS5HS6W7;
				GENERATE_INFOPLIST_FILE = YES;
				INFOPLIST_FILE = JakDojadeRek/Info.plist;
				INFOPLIST_KEY_LSApplicationCategoryType = "public.app-category.travel";
				INFOPLIST_KEY_UIApplicationSupportsIndirectInputEvents = YES;
				INFOPLIST_KEY_UILaunchStoryboardName = LaunchScreen;
				INFOPLIST_KEY_UIMainStoryboardFile = Main;
				INFOPLIST_KEY_UISupportedInterfaceOrientations = UIInterfaceOrientationPortrait;
				INFOPLIST_KEY_UISupportedInterfaceOrientations_iPad = "UIInterfaceOrientationLandscapeLeft UIInterfaceOrientationLandscapeRight UIInterfaceOrientationPortrait UIInterfaceOrientationPortraitUpsideDown";
				IPHONEOS_DEPLOYMENT_TARGET = 16.0;
				LD_RUNPATH_SEARCH_PATHS = (
					"$(inherited)",
					"@executable_path/Frameworks",
				);
				MARKETING_VERSION = 1.0;
				PRODUCT_BUNDLE_IDENTIFIER = baltA.JakDojadeRek;
				PRODUCT_NAME = "$(TARGET_NAME)";
				SUPPORTED_PLATFORMS = "iphoneos iphonesimulator";
				SUPPORTS_MACCATALYST = NO;
				SUPPORTS_MAC_DESIGNED_FOR_IPHONE_IPAD = NO;
				SUPPORTS_XR_DESIGNED_FOR_IPHONE_IPAD = NO;
				SWIFT_EMIT_LOC_STRINGS = YES;
				SWIFT_VERSION = 5.0;
				TARGETED_DEVICE_FAMILY = 1;
			};
			name = Debug;
		};
		5BAE80D22BECBAAC00F813E4 /* Release */ = {
			isa = XCBuildConfiguration;
			buildSettings = {
				ASSETCATALOG_COMPILER_APPICON_NAME = AppIcon;
				ASSETCATALOG_COMPILER_GLOBAL_ACCENT_COLOR_NAME = AccentColor;
				CODE_SIGN_STYLE = Automatic;
				CURRENT_PROJECT_VERSION = 1;
				DEVELOPMENT_TEAM = FBLS5HS6W7;
				GENERATE_INFOPLIST_FILE = YES;
				INFOPLIST_FILE = JakDojadeRek/Info.plist;
				INFOPLIST_KEY_LSApplicationCategoryType = "public.app-category.travel";
				INFOPLIST_KEY_UIApplicationSupportsIndirectInputEvents = YES;
				INFOPLIST_KEY_UILaunchStoryboardName = LaunchScreen;
				INFOPLIST_KEY_UIMainStoryboardFile = Main;
				INFOPLIST_KEY_UISupportedInterfaceOrientations = UIInterfaceOrientationPortrait;
				INFOPLIST_KEY_UISupportedInterfaceOrientations_iPad = "UIInterfaceOrientationLandscapeLeft UIInterfaceOrientationLandscapeRight UIInterfaceOrientationPortrait UIInterfaceOrientationPortraitUpsideDown";
				IPHONEOS_DEPLOYMENT_TARGET = 16.0;
				LD_RUNPATH_SEARCH_PATHS = (
					"$(inherited)",
					"@executable_path/Frameworks",
				);
				MARKETING_VERSION = 1.0;
				PRODUCT_BUNDLE_IDENTIFIER = baltA.JakDojadeRek;
				PRODUCT_NAME = "$(TARGET_NAME)";
				SUPPORTED_PLATFORMS = "iphoneos iphonesimulator";
				SUPPORTS_MACCATALYST = NO;
				SUPPORTS_MAC_DESIGNED_FOR_IPHONE_IPAD = NO;
				SUPPORTS_XR_DESIGNED_FOR_IPHONE_IPAD = NO;
				SWIFT_EMIT_LOC_STRINGS = YES;
				SWIFT_VERSION = 5.0;
				TARGETED_DEVICE_FAMILY = 1;
			};
			name = Release;
		};
		5BAE80D42BECBAAC00F813E4 /* Debug */ = {
			isa = XCBuildConfiguration;
			buildSettings = {
				ALWAYS_EMBED_SWIFT_STANDARD_LIBRARIES = YES;
				BUNDLE_LOADER = "$(TEST_HOST)";
				CODE_SIGN_STYLE = Automatic;
				CURRENT_PROJECT_VERSION = 1;
				DEVELOPMENT_TEAM = FBLS5HS6W7;
				GENERATE_INFOPLIST_FILE = YES;
				IPHONEOS_DEPLOYMENT_TARGET = 17.4;
				MARKETING_VERSION = 1.0;
				PRODUCT_BUNDLE_IDENTIFIER = baltA.JakDojadeRekTests;
				PRODUCT_NAME = "$(TARGET_NAME)";
				SWIFT_EMIT_LOC_STRINGS = NO;
				SWIFT_VERSION = 5.0;
				TARGETED_DEVICE_FAMILY = "1,2";
				TEST_HOST = "$(BUILT_PRODUCTS_DIR)/JakDojadeRek.app/$(BUNDLE_EXECUTABLE_FOLDER_PATH)/JakDojadeRek";
			};
			name = Debug;
		};
		5BAE80D52BECBAAC00F813E4 /* Release */ = {
			isa = XCBuildConfiguration;
			buildSettings = {
				ALWAYS_EMBED_SWIFT_STANDARD_LIBRARIES = YES;
				BUNDLE_LOADER = "$(TEST_HOST)";
				CODE_SIGN_STYLE = Automatic;
				CURRENT_PROJECT_VERSION = 1;
				DEVELOPMENT_TEAM = FBLS5HS6W7;
				GENERATE_INFOPLIST_FILE = YES;
				IPHONEOS_DEPLOYMENT_TARGET = 17.4;
				MARKETING_VERSION = 1.0;
				PRODUCT_BUNDLE_IDENTIFIER = baltA.JakDojadeRekTests;
				PRODUCT_NAME = "$(TARGET_NAME)";
				SWIFT_EMIT_LOC_STRINGS = NO;
				SWIFT_VERSION = 5.0;
				TARGETED_DEVICE_FAMILY = "1,2";
				TEST_HOST = "$(BUILT_PRODUCTS_DIR)/JakDojadeRek.app/$(BUNDLE_EXECUTABLE_FOLDER_PATH)/JakDojadeRek";
			};
			name = Release;
		};
		5BAE80D72BECBAAC00F813E4 /* Debug */ = {
			isa = XCBuildConfiguration;
			buildSettings = {
				ALWAYS_EMBED_SWIFT_STANDARD_LIBRARIES = YES;
				CODE_SIGN_STYLE = Automatic;
				CURRENT_PROJECT_VERSION = 1;
				DEVELOPMENT_TEAM = FBLS5HS6W7;
				GENERATE_INFOPLIST_FILE = YES;
				MARKETING_VERSION = 1.0;
				PRODUCT_BUNDLE_IDENTIFIER = baltA.JakDojadeRekUITests;
				PRODUCT_NAME = "$(TARGET_NAME)";
				SWIFT_EMIT_LOC_STRINGS = NO;
				SWIFT_VERSION = 5.0;
				TARGETED_DEVICE_FAMILY = "1,2";
				TEST_TARGET_NAME = JakDojadeRek;
			};
			name = Debug;
		};
		5BAE80D82BECBAAC00F813E4 /* Release */ = {
			isa = XCBuildConfiguration;
			buildSettings = {
				ALWAYS_EMBED_SWIFT_STANDARD_LIBRARIES = YES;
				CODE_SIGN_STYLE = Automatic;
				CURRENT_PROJECT_VERSION = 1;
				DEVELOPMENT_TEAM = FBLS5HS6W7;
				GENERATE_INFOPLIST_FILE = YES;
				MARKETING_VERSION = 1.0;
				PRODUCT_BUNDLE_IDENTIFIER = baltA.JakDojadeRekUITests;
				PRODUCT_NAME = "$(TARGET_NAME)";
				SWIFT_EMIT_LOC_STRINGS = NO;
				SWIFT_VERSION = 5.0;
				TARGETED_DEVICE_FAMILY = "1,2";
				TEST_TARGET_NAME = JakDojadeRek;
			};
			name = Release;
		};
/* End XCBuildConfiguration section */

/* Begin XCConfigurationList section */
		5BAE80A12BECBAA900F813E4 /* Build configuration list for PBXProject "JakDojadeRek" */ = {
			isa = XCConfigurationList;
			buildConfigurations = (
				5BAE80CE2BECBAAC00F813E4 /* Debug */,
				5BAE80CF2BECBAAC00F813E4 /* Release */,
			);
			defaultConfigurationIsVisible = 0;
			defaultConfigurationName = Release;
		};
		5BAE80D02BECBAAC00F813E4 /* Build configuration list for PBXNativeTarget "JakDojadeRek" */ = {
			isa = XCConfigurationList;
			buildConfigurations = (
				5BAE80D12BECBAAC00F813E4 /* Debug */,
				5BAE80D22BECBAAC00F813E4 /* Release */,
			);
			defaultConfigurationIsVisible = 0;
			defaultConfigurationName = Release;
		};
		5BAE80D32BECBAAC00F813E4 /* Build configuration list for PBXNativeTarget "JakDojadeRekTests" */ = {
			isa = XCConfigurationList;
			buildConfigurations = (
				5BAE80D42BECBAAC00F813E4 /* Debug */,
				5BAE80D52BECBAAC00F813E4 /* Release */,
			);
			defaultConfigurationIsVisible = 0;
			defaultConfigurationName = Release;
		};
		5BAE80D62BECBAAC00F813E4 /* Build configuration list for PBXNativeTarget "JakDojadeRekUITests" */ = {
			isa = XCConfigurationList;
			buildConfigurations = (
				5BAE80D72BECBAAC00F813E4 /* Debug */,
				5BAE80D82BECBAAC00F813E4 /* Release */,
			);
			defaultConfigurationIsVisible = 0;
			defaultConfigurationName = Release;
		};
/* End XCConfigurationList section */
	};
	rootObject = 5BAE809E2BECBAA900F813E4 /* Project object */;
}
